// !$*UTF8*$!
{
	archiveVersion = 1;
	classes = {
	};
	objectVersion = 46;
	objects = {

/* Begin PBXBuildFile section */
		161898B01A7CA1150084F2CE /* AppDelegate.swift in Sources */ = {isa = PBXBuildFile; fileRef = 161898AF1A7CA1150084F2CE /* AppDelegate.swift */; };
		161898B31A7CA1150084F2CE /* Optimist.xcdatamodeld in Sources */ = {isa = PBXBuildFile; fileRef = 161898B11A7CA1150084F2CE /* Optimist.xcdatamodeld */; };
		161898B51A7CA1150084F2CE /* ViewController.swift in Sources */ = {isa = PBXBuildFile; fileRef = 161898B41A7CA1150084F2CE /* ViewController.swift */; };
		161898B81A7CA1150084F2CE /* Main.storyboard in Resources */ = {isa = PBXBuildFile; fileRef = 161898B61A7CA1150084F2CE /* Main.storyboard */; };
		161898BA1A7CA1150084F2CE /* Images.xcassets in Resources */ = {isa = PBXBuildFile; fileRef = 161898B91A7CA1150084F2CE /* Images.xcassets */; };
		161898BD1A7CA1150084F2CE /* LaunchScreen.xib in Resources */ = {isa = PBXBuildFile; fileRef = 161898BB1A7CA1150084F2CE /* LaunchScreen.xib */; };
		161898C91A7CA1150084F2CE /* OptimistTests.swift in Sources */ = {isa = PBXBuildFile; fileRef = 161898C81A7CA1150084F2CE /* OptimistTests.swift */; };
		161898D31A7CA21D0084F2CE /* MoodButton.swift in Sources */ = {isa = PBXBuildFile; fileRef = 161898D21A7CA21D0084F2CE /* MoodButton.swift */; };
		161898D51A7CA8500084F2CE /* MoodView.swift in Sources */ = {isa = PBXBuildFile; fileRef = 161898D41A7CA8500084F2CE /* MoodView.swift */; };
		161898D71A7D637F0084F2CE /* HexColor.swift in Sources */ = {isa = PBXBuildFile; fileRef = 161898D61A7D637F0084F2CE /* HexColor.swift */; };
		161898D91A7D6B530084F2CE /* SunBar.swift in Sources */ = {isa = PBXBuildFile; fileRef = 161898D81A7D6B530084F2CE /* SunBar.swift */; };
		1676F7291A7D98A10058F463 /* AcceptButton.swift in Sources */ = {isa = PBXBuildFile; fileRef = 1676F7281A7D98A10058F463 /* AcceptButton.swift */; };
		16CE2E391A7D85D900A6E036 /* WatchKit.framework in Frameworks */ = {isa = PBXBuildFile; fileRef = 16CE2E381A7D85D800A6E036 /* WatchKit.framework */; };
		16CE2E3F1A7D85D900A6E036 /* InterfaceController.swift in Sources */ = {isa = PBXBuildFile; fileRef = 16CE2E3E1A7D85D900A6E036 /* InterfaceController.swift */; };
		16CE2E411A7D85D900A6E036 /* NotificationController.swift in Sources */ = {isa = PBXBuildFile; fileRef = 16CE2E401A7D85D900A6E036 /* NotificationController.swift */; };
		16CE2E431A7D85D900A6E036 /* Images.xcassets in Resources */ = {isa = PBXBuildFile; fileRef = 16CE2E421A7D85D900A6E036 /* Images.xcassets */; };
		16CE2E471A7D85D900A6E036 /* Optimist Watch App.app in Resources */ = {isa = PBXBuildFile; fileRef = 16CE2E461A7D85D900A6E036 /* Optimist Watch App.app */; };
		16CE2E4E1A7D85D900A6E036 /* Interface.storyboard in Resources */ = {isa = PBXBuildFile; fileRef = 16CE2E4D1A7D85D900A6E036 /* Interface.storyboard */; };
		16CE2E501A7D85D900A6E036 /* Images.xcassets in Resources */ = {isa = PBXBuildFile; fileRef = 16CE2E4F1A7D85D900A6E036 /* Images.xcassets */; };
		16CE2E531A7D85D900A6E036 /* Optimist WatchKit Extension.appex in Embed App Extensions */ = {isa = PBXBuildFile; fileRef = 16CE2E361A7D85D800A6E036 /* Optimist WatchKit Extension.appex */; settings = {ATTRIBUTES = (RemoveHeadersOnCopy, ); }; };
/* End PBXBuildFile section */

/* Begin PBXContainerItemProxy section */
		161898C31A7CA1150084F2CE /* PBXContainerItemProxy */ = {
			isa = PBXContainerItemProxy;
			containerPortal = 161898A21A7CA1150084F2CE /* Project object */;
			proxyType = 1;
			remoteGlobalIDString = 161898A91A7CA1150084F2CE;
			remoteInfo = Optimist;
		};
		16CE2E481A7D85D900A6E036 /* PBXContainerItemProxy */ = {
			isa = PBXContainerItemProxy;
			containerPortal = 161898A21A7CA1150084F2CE /* Project object */;
			proxyType = 1;
			remoteGlobalIDString = 16CE2E451A7D85D900A6E036;
			remoteInfo = "Optimist Watch App";
		};
		16CE2E511A7D85D900A6E036 /* PBXContainerItemProxy */ = {
			isa = PBXContainerItemProxy;
			containerPortal = 161898A21A7CA1150084F2CE /* Project object */;
			proxyType = 1;
			remoteGlobalIDString = 16CE2E351A7D85D800A6E036;
			remoteInfo = "Optimist WatchKit Extension";
		};
/* End PBXContainerItemProxy section */

/* Begin PBXCopyFilesBuildPhase section */
		16CE2E5A1A7D85D900A6E036 /* Embed App Extensions */ = {
			isa = PBXCopyFilesBuildPhase;
			buildActionMask = 2147483647;
			dstPath = "";
			dstSubfolderSpec = 13;
			files = (
				16CE2E531A7D85D900A6E036 /* Optimist WatchKit Extension.appex in Embed App Extensions */,
			);
			name = "Embed App Extensions";
			runOnlyForDeploymentPostprocessing = 0;
		};
/* End PBXCopyFilesBuildPhase section */

/* Begin PBXFileReference section */
		161898AA1A7CA1150084F2CE /* Optimist.app */ = {isa = PBXFileReference; explicitFileType = wrapper.application; includeInIndex = 0; path = Optimist.app; sourceTree = BUILT_PRODUCTS_DIR; };
		161898AE1A7CA1150084F2CE /* Info.plist */ = {isa = PBXFileReference; lastKnownFileType = text.plist.xml; path = Info.plist; sourceTree = "<group>"; };
		161898AF1A7CA1150084F2CE /* AppDelegate.swift */ = {isa = PBXFileReference; lastKnownFileType = sourcecode.swift; path = AppDelegate.swift; sourceTree = "<group>"; };
		161898B21A7CA1150084F2CE /* Optimist.xcdatamodel */ = {isa = PBXFileReference; lastKnownFileType = wrapper.xcdatamodel; path = Optimist.xcdatamodel; sourceTree = "<group>"; };
		161898B41A7CA1150084F2CE /* ViewController.swift */ = {isa = PBXFileReference; lastKnownFileType = sourcecode.swift; path = ViewController.swift; sourceTree = "<group>"; };
		161898B71A7CA1150084F2CE /* Base */ = {isa = PBXFileReference; lastKnownFileType = file.storyboard; name = Base; path = Base.lproj/Main.storyboard; sourceTree = "<group>"; };
		161898B91A7CA1150084F2CE /* Images.xcassets */ = {isa = PBXFileReference; lastKnownFileType = folder.assetcatalog; path = Images.xcassets; sourceTree = "<group>"; };
		161898BC1A7CA1150084F2CE /* Base */ = {isa = PBXFileReference; lastKnownFileType = file.xib; name = Base; path = Base.lproj/LaunchScreen.xib; sourceTree = "<group>"; };
		161898C21A7CA1150084F2CE /* OptimistTests.xctest */ = {isa = PBXFileReference; explicitFileType = wrapper.cfbundle; includeInIndex = 0; path = OptimistTests.xctest; sourceTree = BUILT_PRODUCTS_DIR; };
		161898C71A7CA1150084F2CE /* Info.plist */ = {isa = PBXFileReference; lastKnownFileType = text.plist.xml; path = Info.plist; sourceTree = "<group>"; };
		161898C81A7CA1150084F2CE /* OptimistTests.swift */ = {isa = PBXFileReference; lastKnownFileType = sourcecode.swift; path = OptimistTests.swift; sourceTree = "<group>"; };
		161898D21A7CA21D0084F2CE /* MoodButton.swift */ = {isa = PBXFileReference; fileEncoding = 4; lastKnownFileType = sourcecode.swift; path = MoodButton.swift; sourceTree = "<group>"; };
		161898D41A7CA8500084F2CE /* MoodView.swift */ = {isa = PBXFileReference; fileEncoding = 4; lastKnownFileType = sourcecode.swift; path = MoodView.swift; sourceTree = "<group>"; };
		161898D61A7D637F0084F2CE /* HexColor.swift */ = {isa = PBXFileReference; fileEncoding = 4; lastKnownFileType = sourcecode.swift; path = HexColor.swift; sourceTree = "<group>"; };
		161898D81A7D6B530084F2CE /* SunBar.swift */ = {isa = PBXFileReference; fileEncoding = 4; lastKnownFileType = sourcecode.swift; path = SunBar.swift; sourceTree = "<group>"; };
		1676F7281A7D98A10058F463 /* AcceptButton.swift */ = {isa = PBXFileReference; fileEncoding = 4; lastKnownFileType = sourcecode.swift; path = AcceptButton.swift; sourceTree = "<group>"; };
		16CE2E361A7D85D800A6E036 /* Optimist WatchKit Extension.appex */ = {isa = PBXFileReference; explicitFileType = "wrapper.app-extension"; includeInIndex = 0; path = "Optimist WatchKit Extension.appex"; sourceTree = BUILT_PRODUCTS_DIR; };
		16CE2E381A7D85D800A6E036 /* WatchKit.framework */ = {isa = PBXFileReference; lastKnownFileType = wrapper.framework; name = WatchKit.framework; path = System/Library/Frameworks/WatchKit.framework; sourceTree = SDKROOT; };
		16CE2E3C1A7D85D900A6E036 /* Info.plist */ = {isa = PBXFileReference; lastKnownFileType = text.plist.xml; path = Info.plist; sourceTree = "<group>"; };
		16CE2E3D1A7D85D900A6E036 /* PushNotificationPayload.json */ = {isa = PBXFileReference; lastKnownFileType = text.json; path = PushNotificationPayload.json; sourceTree = "<group>"; };
		16CE2E3E1A7D85D900A6E036 /* InterfaceController.swift */ = {isa = PBXFileReference; lastKnownFileType = sourcecode.swift; path = InterfaceController.swift; sourceTree = "<group>"; };
		16CE2E401A7D85D900A6E036 /* NotificationController.swift */ = {isa = PBXFileReference; lastKnownFileType = sourcecode.swift; path = NotificationController.swift; sourceTree = "<group>"; };
		16CE2E421A7D85D900A6E036 /* Images.xcassets */ = {isa = PBXFileReference; lastKnownFileType = folder.assetcatalog; path = Images.xcassets; sourceTree = "<group>"; };
		16CE2E461A7D85D900A6E036 /* Optimist Watch App.app */ = {isa = PBXFileReference; explicitFileType = wrapper.application; includeInIndex = 0; path = "Optimist Watch App.app"; sourceTree = BUILT_PRODUCTS_DIR; };
		16CE2E4C1A7D85D900A6E036 /* Info.plist */ = {isa = PBXFileReference; lastKnownFileType = text.plist.xml; path = Info.plist; sourceTree = "<group>"; };
		16CE2E4D1A7D85D900A6E036 /* Interface.storyboard */ = {isa = PBXFileReference; lastKnownFileType = file.storyboard; path = Interface.storyboard; sourceTree = "<group>"; };
		16CE2E4F1A7D85D900A6E036 /* Images.xcassets */ = {isa = PBXFileReference; lastKnownFileType = folder.assetcatalog; path = Images.xcassets; sourceTree = "<group>"; };
/* End PBXFileReference section */

/* Begin PBXFrameworksBuildPhase section */
		161898A71A7CA1150084F2CE /* Frameworks */ = {
			isa = PBXFrameworksBuildPhase;
			buildActionMask = 2147483647;
			files = (
			);
			runOnlyForDeploymentPostprocessing = 0;
		};
		161898BF1A7CA1150084F2CE /* Frameworks */ = {
			isa = PBXFrameworksBuildPhase;
			buildActionMask = 2147483647;
			files = (
			);
			runOnlyForDeploymentPostprocessing = 0;
		};
		16CE2E331A7D85D800A6E036 /* Frameworks */ = {
			isa = PBXFrameworksBuildPhase;
			buildActionMask = 2147483647;
			files = (
				16CE2E391A7D85D900A6E036 /* WatchKit.framework in Frameworks */,
			);
			runOnlyForDeploymentPostprocessing = 0;
		};
/* End PBXFrameworksBuildPhase section */

/* Begin PBXGroup section */
		161898A11A7CA1150084F2CE = {
			isa = PBXGroup;
			children = (
				161898AC1A7CA1150084F2CE /* Optimist */,
				161898C51A7CA1150084F2CE /* OptimistTests */,
				16CE2E3A1A7D85D900A6E036 /* Optimist WatchKit Extension */,
				16CE2E4A1A7D85D900A6E036 /* Optimist Watch App */,
				16CE2E371A7D85D800A6E036 /* Frameworks */,
				161898AB1A7CA1150084F2CE /* Products */,
			);
			sourceTree = "<group>";
		};
		161898AB1A7CA1150084F2CE /* Products */ = {
			isa = PBXGroup;
			children = (
				161898AA1A7CA1150084F2CE /* Optimist.app */,
				161898C21A7CA1150084F2CE /* OptimistTests.xctest */,
				16CE2E361A7D85D800A6E036 /* Optimist WatchKit Extension.appex */,
				16CE2E461A7D85D900A6E036 /* Optimist Watch App.app */,
			);
			name = Products;
			sourceTree = "<group>";
		};
		161898AC1A7CA1150084F2CE /* Optimist */ = {
			isa = PBXGroup;
			children = (
				161898AF1A7CA1150084F2CE /* AppDelegate.swift */,
				161898B41A7CA1150084F2CE /* ViewController.swift */,
				161898D81A7D6B530084F2CE /* SunBar.swift */,
				161898D61A7D637F0084F2CE /* HexColor.swift */,
				161898D41A7CA8500084F2CE /* MoodView.swift */,
				161898D21A7CA21D0084F2CE /* MoodButton.swift */,
				1676F7281A7D98A10058F463 /* AcceptButton.swift */,
				161898B61A7CA1150084F2CE /* Main.storyboard */,
				161898B91A7CA1150084F2CE /* Images.xcassets */,
				161898BB1A7CA1150084F2CE /* LaunchScreen.xib */,
				161898B11A7CA1150084F2CE /* Optimist.xcdatamodeld */,
				161898AD1A7CA1150084F2CE /* Supporting Files */,
			);
			path = Optimist;
			sourceTree = "<group>";
		};
		161898AD1A7CA1150084F2CE /* Supporting Files */ = {
			isa = PBXGroup;
			children = (
				161898AE1A7CA1150084F2CE /* Info.plist */,
			);
			name = "Supporting Files";
			sourceTree = "<group>";
		};
		161898C51A7CA1150084F2CE /* OptimistTests */ = {
			isa = PBXGroup;
			children = (
				161898C81A7CA1150084F2CE /* OptimistTests.swift */,
				161898C61A7CA1150084F2CE /* Supporting Files */,
			);
			path = OptimistTests;
			sourceTree = "<group>";
		};
		161898C61A7CA1150084F2CE /* Supporting Files */ = {
			isa = PBXGroup;
			children = (
				161898C71A7CA1150084F2CE /* Info.plist */,
			);
			name = "Supporting Files";
			sourceTree = "<group>";
		};
		16CE2E371A7D85D800A6E036 /* Frameworks */ = {
			isa = PBXGroup;
			children = (
				16CE2E381A7D85D800A6E036 /* WatchKit.framework */,
			);
			name = Frameworks;
			sourceTree = "<group>";
		};
		16CE2E3A1A7D85D900A6E036 /* Optimist WatchKit Extension */ = {
			isa = PBXGroup;
			children = (
				16CE2E3E1A7D85D900A6E036 /* InterfaceController.swift */,
				16CE2E401A7D85D900A6E036 /* NotificationController.swift */,
				16CE2E421A7D85D900A6E036 /* Images.xcassets */,
				16CE2E3B1A7D85D900A6E036 /* Supporting Files */,
			);
			path = "Optimist WatchKit Extension";
			sourceTree = "<group>";
		};
		16CE2E3B1A7D85D900A6E036 /* Supporting Files */ = {
			isa = PBXGroup;
			children = (
				16CE2E3C1A7D85D900A6E036 /* Info.plist */,
				16CE2E3D1A7D85D900A6E036 /* PushNotificationPayload.json */,
			);
			name = "Supporting Files";
			sourceTree = "<group>";
		};
		16CE2E4A1A7D85D900A6E036 /* Optimist Watch App */ = {
			isa = PBXGroup;
			children = (
				16CE2E4D1A7D85D900A6E036 /* Interface.storyboard */,
				16CE2E4F1A7D85D900A6E036 /* Images.xcassets */,
				16CE2E4B1A7D85D900A6E036 /* Supporting Files */,
			);
			path = "Optimist Watch App";
			sourceTree = "<group>";
		};
		16CE2E4B1A7D85D900A6E036 /* Supporting Files */ = {
			isa = PBXGroup;
			children = (
				16CE2E4C1A7D85D900A6E036 /* Info.plist */,
			);
			name = "Supporting Files";
			sourceTree = "<group>";
		};
/* End PBXGroup section */

/* Begin PBXNativeTarget section */
		161898A91A7CA1150084F2CE /* Optimist */ = {
			isa = PBXNativeTarget;
			buildConfigurationList = 161898CC1A7CA1150084F2CE /* Build configuration list for PBXNativeTarget "Optimist" */;
			buildPhases = (
				161898A61A7CA1150084F2CE /* Sources */,
				161898A71A7CA1150084F2CE /* Frameworks */,
				161898A81A7CA1150084F2CE /* Resources */,
				16CE2E5A1A7D85D900A6E036 /* Embed App Extensions */,
			);
			buildRules = (
			);
			dependencies = (
				16CE2E521A7D85D900A6E036 /* PBXTargetDependency */,
			);
			name = Optimist;
			productName = Optimist;
			productReference = 161898AA1A7CA1150084F2CE /* Optimist.app */;
			productType = "com.apple.product-type.application";
		};
		161898C11A7CA1150084F2CE /* OptimistTests */ = {
			isa = PBXNativeTarget;
			buildConfigurationList = 161898CF1A7CA1150084F2CE /* Build configuration list for PBXNativeTarget "OptimistTests" */;
			buildPhases = (
				161898BE1A7CA1150084F2CE /* Sources */,
				161898BF1A7CA1150084F2CE /* Frameworks */,
				161898C01A7CA1150084F2CE /* Resources */,
			);
			buildRules = (
			);
			dependencies = (
				161898C41A7CA1150084F2CE /* PBXTargetDependency */,
			);
			name = OptimistTests;
			productName = OptimistTests;
			productReference = 161898C21A7CA1150084F2CE /* OptimistTests.xctest */;
			productType = "com.apple.product-type.bundle.unit-test";
		};
		16CE2E351A7D85D800A6E036 /* Optimist WatchKit Extension */ = {
			isa = PBXNativeTarget;
			buildConfigurationList = 16CE2E591A7D85D900A6E036 /* Build configuration list for PBXNativeTarget "Optimist WatchKit Extension" */;
			buildPhases = (
				16CE2E321A7D85D800A6E036 /* Sources */,
				16CE2E331A7D85D800A6E036 /* Frameworks */,
				16CE2E341A7D85D800A6E036 /* Resources */,
			);
			buildRules = (
			);
			dependencies = (
				16CE2E491A7D85D900A6E036 /* PBXTargetDependency */,
			);
			name = "Optimist WatchKit Extension";
			productName = "Optimist WatchKit Extension";
			productReference = 16CE2E361A7D85D800A6E036 /* Optimist WatchKit Extension.appex */;
			productType = "com.apple.product-type.watchkit-extension";
		};
		16CE2E451A7D85D900A6E036 /* Optimist Watch App */ = {
			isa = PBXNativeTarget;
			buildConfigurationList = 16CE2E581A7D85D900A6E036 /* Build configuration list for PBXNativeTarget "Optimist Watch App" */;
			buildPhases = (
				16CE2E441A7D85D900A6E036 /* Resources */,
			);
			buildRules = (
			);
			dependencies = (
			);
			name = "Optimist Watch App";
			productName = "Optimist Watch App";
			productReference = 16CE2E461A7D85D900A6E036 /* Optimist Watch App.app */;
			productType = "com.apple.product-type.application.watchapp";
		};
/* End PBXNativeTarget section */

/* Begin PBXProject section */
		161898A21A7CA1150084F2CE /* Project object */ = {
			isa = PBXProject;
			attributes = {
				LastUpgradeCheck = 0610;
				ORGANIZATIONNAME = MonsterCreate;
				TargetAttributes = {
					161898A91A7CA1150084F2CE = {
						CreatedOnToolsVersion = 6.1.1;
					};
					161898C11A7CA1150084F2CE = {
						CreatedOnToolsVersion = 6.1.1;
						TestTargetID = 161898A91A7CA1150084F2CE;
					};
					16CE2E351A7D85D800A6E036 = {
						CreatedOnToolsVersion = 6.2;
					};
					16CE2E451A7D85D900A6E036 = {
						CreatedOnToolsVersion = 6.2;
					};
				};
			};
			buildConfigurationList = 161898A51A7CA1150084F2CE /* Build configuration list for PBXProject "Optimist" */;
			compatibilityVersion = "Xcode 3.2";
			developmentRegion = English;
			hasScannedForEncodings = 0;
			knownRegions = (
				en,
				Base,
			);
			mainGroup = 161898A11A7CA1150084F2CE;
			productRefGroup = 161898AB1A7CA1150084F2CE /* Products */;
			projectDirPath = "";
			projectRoot = "";
			targets = (
				161898A91A7CA1150084F2CE /* Optimist */,
				161898C11A7CA1150084F2CE /* OptimistTests */,
				16CE2E351A7D85D800A6E036 /* Optimist WatchKit Extension */,
				16CE2E451A7D85D900A6E036 /* Optimist Watch App */,
			);
		};
/* End PBXProject section */

/* Begin PBXResourcesBuildPhase section */
		161898A81A7CA1150084F2CE /* Resources */ = {
			isa = PBXResourcesBuildPhase;
			buildActionMask = 2147483647;
			files = (
				161898B81A7CA1150084F2CE /* Main.storyboard in Resources */,
				161898BD1A7CA1150084F2CE /* LaunchScreen.xib in Resources */,
				161898BA1A7CA1150084F2CE /* Images.xcassets in Resources */,
			);
			runOnlyForDeploymentPostprocessing = 0;
		};
		161898C01A7CA1150084F2CE /* Resources */ = {
			isa = PBXResourcesBuildPhase;
			buildActionMask = 2147483647;
			files = (
			);
			runOnlyForDeploymentPostprocessing = 0;
		};
		16CE2E341A7D85D800A6E036 /* Resources */ = {
			isa = PBXResourcesBuildPhase;
			buildActionMask = 2147483647;
			files = (
				16CE2E471A7D85D900A6E036 /* Optimist Watch App.app in Resources */,
				16CE2E431A7D85D900A6E036 /* Images.xcassets in Resources */,
			);
			runOnlyForDeploymentPostprocessing = 0;
		};
		16CE2E441A7D85D900A6E036 /* Resources */ = {
			isa = PBXResourcesBuildPhase;
			buildActionMask = 2147483647;
			files = (
				16CE2E4E1A7D85D900A6E036 /* Interface.storyboard in Resources */,
				16CE2E501A7D85D900A6E036 /* Images.xcassets in Resources */,
			);
			runOnlyForDeploymentPostprocessing = 0;
		};
/* End PBXResourcesBuildPhase section */

/* Begin PBXSourcesBuildPhase section */
		161898A61A7CA1150084F2CE /* Sources */ = {
			isa = PBXSourcesBuildPhase;
			buildActionMask = 2147483647;
			files = (
				161898B51A7CA1150084F2CE /* ViewController.swift in Sources */,
				1676F7291A7D98A10058F463 /* AcceptButton.swift in Sources */,
				161898D71A7D637F0084F2CE /* HexColor.swift in Sources */,
				161898D91A7D6B530084F2CE /* SunBar.swift in Sources */,
				161898B31A7CA1150084F2CE /* Optimist.xcdatamodeld in Sources */,
				161898D31A7CA21D0084F2CE /* MoodButton.swift in Sources */,
				161898B01A7CA1150084F2CE /* AppDelegate.swift in Sources */,
				161898D51A7CA8500084F2CE /* MoodView.swift in Sources */,
			);
			runOnlyForDeploymentPostprocessing = 0;
		};
		161898BE1A7CA1150084F2CE /* Sources */ = {
			isa = PBXSourcesBuildPhase;
			buildActionMask = 2147483647;
			files = (
				161898C91A7CA1150084F2CE /* OptimistTests.swift in Sources */,
			);
			runOnlyForDeploymentPostprocessing = 0;
		};
		16CE2E321A7D85D800A6E036 /* Sources */ = {
			isa = PBXSourcesBuildPhase;
			buildActionMask = 2147483647;
			files = (
				16CE2E411A7D85D900A6E036 /* NotificationController.swift in Sources */,
				16CE2E3F1A7D85D900A6E036 /* InterfaceController.swift in Sources */,
			);
			runOnlyForDeploymentPostprocessing = 0;
		};
/* End PBXSourcesBuildPhase section */

/* Begin PBXTargetDependency section */
		161898C41A7CA1150084F2CE /* PBXTargetDependency */ = {
			isa = PBXTargetDependency;
			target = 161898A91A7CA1150084F2CE /* Optimist */;
			targetProxy = 161898C31A7CA1150084F2CE /* PBXContainerItemProxy */;
		};
		16CE2E491A7D85D900A6E036 /* PBXTargetDependency */ = {
			isa = PBXTargetDependency;
			target = 16CE2E451A7D85D900A6E036 /* Optimist Watch App */;
			targetProxy = 16CE2E481A7D85D900A6E036 /* PBXContainerItemProxy */;
		};
		16CE2E521A7D85D900A6E036 /* PBXTargetDependency */ = {
			isa = PBXTargetDependency;
			target = 16CE2E351A7D85D800A6E036 /* Optimist WatchKit Extension */;
			targetProxy = 16CE2E511A7D85D900A6E036 /* PBXContainerItemProxy */;
		};
/* End PBXTargetDependency section */

/* Begin PBXVariantGroup section */
		161898B61A7CA1150084F2CE /* Main.storyboard */ = {
			isa = PBXVariantGroup;
			children = (
				161898B71A7CA1150084F2CE /* Base */,
			);
			name = Main.storyboard;
			sourceTree = "<group>";
		};
		161898BB1A7CA1150084F2CE /* LaunchScreen.xib */ = {
			isa = PBXVariantGroup;
			children = (
				161898BC1A7CA1150084F2CE /* Base */,
			);
			name = LaunchScreen.xib;
			sourceTree = "<group>";
		};
/* End PBXVariantGroup section */

/* Begin XCBuildConfiguration section */
		161898CA1A7CA1150084F2CE /* Debug */ = {
			isa = XCBuildConfiguration;
			buildSettings = {
				ALWAYS_SEARCH_USER_PATHS = NO;
				CLANG_CXX_LANGUAGE_STANDARD = "gnu++0x";
				CLANG_CXX_LIBRARY = "libc++";
				CLANG_ENABLE_MODULES = YES;
				CLANG_ENABLE_OBJC_ARC = YES;
				CLANG_WARN_BOOL_CONVERSION = YES;
				CLANG_WARN_CONSTANT_CONVERSION = YES;
				CLANG_WARN_DIRECT_OBJC_ISA_USAGE = YES_ERROR;
				CLANG_WARN_EMPTY_BODY = YES;
				CLANG_WARN_ENUM_CONVERSION = YES;
				CLANG_WARN_INT_CONVERSION = YES;
				CLANG_WARN_OBJC_ROOT_CLASS = YES_ERROR;
				CLANG_WARN_UNREACHABLE_CODE = YES;
				CLANG_WARN__DUPLICATE_METHOD_MATCH = YES;
				"CODE_SIGN_IDENTITY[sdk=iphoneos*]" = "iPhone Developer";
				COPY_PHASE_STRIP = NO;
				ENABLE_STRICT_OBJC_MSGSEND = YES;
				GCC_C_LANGUAGE_STANDARD = gnu99;
				GCC_DYNAMIC_NO_PIC = NO;
				GCC_OPTIMIZATION_LEVEL = 0;
				GCC_PREPROCESSOR_DEFINITIONS = (
					"DEBUG=1",
					"$(inherited)",
				);
				GCC_SYMBOLS_PRIVATE_EXTERN = NO;
				GCC_WARN_64_TO_32_BIT_CONVERSION = YES;
				GCC_WARN_ABOUT_RETURN_TYPE = YES_ERROR;
				GCC_WARN_UNDECLARED_SELECTOR = YES;
				GCC_WARN_UNINITIALIZED_AUTOS = YES_AGGRESSIVE;
				GCC_WARN_UNUSED_FUNCTION = YES;
				GCC_WARN_UNUSED_VARIABLE = YES;
				IPHONEOS_DEPLOYMENT_TARGET = 8.1;
				MTL_ENABLE_DEBUG_INFO = YES;
				ONLY_ACTIVE_ARCH = YES;
				SDKROOT = iphoneos;
				SWIFT_OPTIMIZATION_LEVEL = "-Onone";
			};
			name = Debug;
		};
		161898CB1A7CA1150084F2CE /* Release */ = {
			isa = XCBuildConfiguration;
			buildSettings = {
				ALWAYS_SEARCH_USER_PATHS = NO;
				CLANG_CXX_LANGUAGE_STANDARD = "gnu++0x";
				CLANG_CXX_LIBRARY = "libc++";
				CLANG_ENABLE_MODULES = YES;
				CLANG_ENABLE_OBJC_ARC = YES;
				CLANG_WARN_BOOL_CONVERSION = YES;
				CLANG_WARN_CONSTANT_CONVERSION = YES;
				CLANG_WARN_DIRECT_OBJC_ISA_USAGE = YES_ERROR;
				CLANG_WARN_EMPTY_BODY = YES;
				CLANG_WARN_ENUM_CONVERSION = YES;
				CLANG_WARN_INT_CONVERSION = YES;
				CLANG_WARN_OBJC_ROOT_CLASS = YES_ERROR;
				CLANG_WARN_UNREACHABLE_CODE = YES;
				CLANG_WARN__DUPLICATE_METHOD_MATCH = YES;
				"CODE_SIGN_IDENTITY[sdk=iphoneos*]" = "iPhone Developer";
				COPY_PHASE_STRIP = YES;
				ENABLE_NS_ASSERTIONS = NO;
				ENABLE_STRICT_OBJC_MSGSEND = YES;
				GCC_C_LANGUAGE_STANDARD = gnu99;
				GCC_WARN_64_TO_32_BIT_CONVERSION = YES;
				GCC_WARN_ABOUT_RETURN_TYPE = YES_ERROR;
				GCC_WARN_UNDECLARED_SELECTOR = YES;
				GCC_WARN_UNINITIALIZED_AUTOS = YES_AGGRESSIVE;
				GCC_WARN_UNUSED_FUNCTION = YES;
				GCC_WARN_UNUSED_VARIABLE = YES;
				IPHONEOS_DEPLOYMENT_TARGET = 8.1;
				MTL_ENABLE_DEBUG_INFO = NO;
				SDKROOT = iphoneos;
				VALIDATE_PRODUCT = YES;
			};
			name = Release;
		};
		161898CD1A7CA1150084F2CE /* Debug */ = {
			isa = XCBuildConfiguration;
			buildSettings = {
				ASSETCATALOG_COMPILER_APPICON_NAME = AppIcon;
				EMBEDDED_CONTENT_CONTAINS_SWIFT = YES;
				INFOPLIST_FILE = Optimist/Info.plist;
				LD_RUNPATH_SEARCH_PATHS = "$(inherited) @executable_path/Frameworks";
				PRODUCT_NAME = "$(TARGET_NAME)";
			};
			name = Debug;
		};
		161898CE1A7CA1150084F2CE /* Release */ = {
			isa = XCBuildConfiguration;
			buildSettings = {
				ASSETCATALOG_COMPILER_APPICON_NAME = AppIcon;
				EMBEDDED_CONTENT_CONTAINS_SWIFT = YES;
				INFOPLIST_FILE = Optimist/Info.plist;
				LD_RUNPATH_SEARCH_PATHS = "$(inherited) @executable_path/Frameworks";
				PRODUCT_NAME = "$(TARGET_NAME)";
			};
			name = Release;
		};
		161898D01A7CA1150084F2CE /* Debug */ = {
			isa = XCBuildConfiguration;
			buildSettings = {
				BUNDLE_LOADER = "$(TEST_HOST)";
				FRAMEWORK_SEARCH_PATHS = (
					"$(SDKROOT)/Developer/Library/Frameworks",
					"$(inherited)",
				);
				GCC_PREPROCESSOR_DEFINITIONS = (
					"DEBUG=1",
					"$(inherited)",
				);
				INFOPLIST_FILE = OptimistTests/Info.plist;
				LD_RUNPATH_SEARCH_PATHS = "$(inherited) @executable_path/Frameworks @loader_path/Frameworks";
				PRODUCT_NAME = "$(TARGET_NAME)";
				TEST_HOST = "$(BUILT_PRODUCTS_DIR)/Optimist.app/Optimist";
			};
			name = Debug;
		};
		161898D11A7CA1150084F2CE /* Release */ = {
			isa = XCBuildConfiguration;
			buildSettings = {
				BUNDLE_LOADER = "$(TEST_HOST)";
				FRAMEWORK_SEARCH_PATHS = (
					"$(SDKROOT)/Developer/Library/Frameworks",
					"$(inherited)",
				);
				INFOPLIST_FILE = OptimistTests/Info.plist;
				LD_RUNPATH_SEARCH_PATHS = "$(inherited) @executable_path/Frameworks @loader_path/Frameworks";
				PRODUCT_NAME = "$(TARGET_NAME)";
				TEST_HOST = "$(BUILT_PRODUCTS_DIR)/Optimist.app/Optimist";
			};
			name = Release;
		};
		16CE2E541A7D85D900A6E036 /* Debug */ = {
			isa = XCBuildConfiguration;
			buildSettings = {
				GCC_PREPROCESSOR_DEFINITIONS = (
					"DEBUG=1",
					"$(inherited)",
				);
				INFOPLIST_FILE = "Optimist WatchKit Extension/Info.plist";
				IPHONEOS_DEPLOYMENT_TARGET = 8.2;
				LD_RUNPATH_SEARCH_PATHS = "$(inherited) @executable_path/Frameworks @executable_path/../../Frameworks";
				PRODUCT_NAME = "${TARGET_NAME}";
				SKIP_INSTALL = YES;
			};
			name = Debug;
		};
		16CE2E551A7D85D900A6E036 /* Release */ = {
			isa = XCBuildConfiguration;
			buildSettings = {
				INFOPLIST_FILE = "Optimist WatchKit Extension/Info.plist";
				IPHONEOS_DEPLOYMENT_TARGET = 8.2;
				LD_RUNPATH_SEARCH_PATHS = "$(inherited) @executable_path/Frameworks @executable_path/../../Frameworks";
				PRODUCT_NAME = "${TARGET_NAME}";
				SKIP_INSTALL = YES;
			};
			name = Release;
		};
		16CE2E561A7D85D900A6E036 /* Debug */ = {
			isa = XCBuildConfiguration;
			buildSettings = {
				ASSETCATALOG_COMPILER_APPICON_NAME = AppIcon;
				ASSETCATALOG_COMPILER_LAUNCHIMAGE_NAME = LaunchImage;
				GCC_PREPROCESSOR_DEFINITIONS = (
					"DEBUG=1",
					"$(inherited)",
				);
				IBSC_MODULE = Optimist_WatchKit_Extension;
				INFOPLIST_FILE = "Optimist Watch App/Info.plist";
				IPHONEOS_DEPLOYMENT_TARGET = 8.2;
				PRODUCT_NAME = "$(TARGET_NAME)";
				SKIP_INSTALL = YES;
				TARGETED_DEVICE_FAMILY = 4;
				"TARGETED_DEVICE_FAMILY[sdk=iphonesimulator*]" = "1,4";
			};
			name = Debug;
		};
		16CE2E571A7D85D900A6E036 /* Release */ = {
			isa = XCBuildConfiguration;
			buildSettings = {
				ASSETCATALOG_COMPILER_APPICON_NAME = AppIcon;
				ASSETCATALOG_COMPILER_LAUNCHIMAGE_NAME = LaunchImage;
				IBSC_MODULE = Optimist_WatchKit_Extension;
				INFOPLIST_FILE = "Optimist Watch App/Info.plist";
				IPHONEOS_DEPLOYMENT_TARGET = 8.2;
				PRODUCT_NAME = "$(TARGET_NAME)";
				SKIP_INSTALL = YES;
				TARGETED_DEVICE_FAMILY = 4;
				"TARGETED_DEVICE_FAMILY[sdk=iphonesimulator*]" = "1,4";
			};
			name = Release;
		};
/* End XCBuildConfiguration section */

/* Begin XCConfigurationList section */
		161898A51A7CA1150084F2CE /* Build configuration list for PBXProject "Optimist" */ = {
			isa = XCConfigurationList;
			buildConfigurations = (
				161898CA1A7CA1150084F2CE /* Debug */,
				161898CB1A7CA1150084F2CE /* Release */,
			);
			defaultConfigurationIsVisible = 0;
			defaultConfigurationName = Release;
		};
		161898CC1A7CA1150084F2CE /* Build configuration list for PBXNativeTarget "Optimist" */ = {
			isa = XCConfigurationList;
			buildConfigurations = (
				161898CD1A7CA1150084F2CE /* Debug */,
				161898CE1A7CA1150084F2CE /* Release */,
			);
			defaultConfigurationIsVisible = 0;
			defaultConfigurationName = Release;
		};
		161898CF1A7CA1150084F2CE /* Build configuration list for PBXNativeTarget "OptimistTests" */ = {
			isa = XCConfigurationList;
			buildConfigurations = (
				161898D01A7CA1150084F2CE /* Debug */,
				161898D11A7CA1150084F2CE /* Release */,
			);
			defaultConfigurationIsVisible = 0;
			defaultConfigurationName = Release;
		};
		16CE2E581A7D85D900A6E036 /* Build configuration list for PBXNativeTarget "Optimist Watch App" */ = {
			isa = XCConfigurationList;
			buildConfigurations = (
				16CE2E561A7D85D900A6E036 /* Debug */,
				16CE2E571A7D85D900A6E036 /* Release */,
			);
			defaultConfigurationIsVisible = 0;
			defaultConfigurationName = Release;
		};
		16CE2E591A7D85D900A6E036 /* Build configuration list for PBXNativeTarget "Optimist WatchKit Extension" */ = {
			isa = XCConfigurationList;
			buildConfigurations = (
				16CE2E541A7D85D900A6E036 /* Debug */,
				16CE2E551A7D85D900A6E036 /* Release */,
			);
			defaultConfigurationIsVisible = 0;
			defaultConfigurationName = Release;
		};
/* End XCConfigurationList section */

/* Begin XCVersionGroup section */
		161898B11A7CA1150084F2CE /* Optimist.xcdatamodeld */ = {
			isa = XCVersionGroup;
			children = (
				161898B21A7CA1150084F2CE /* Optimist.xcdatamodel */,
			);
			currentVersion = 161898B21A7CA1150084F2CE /* Optimist.xcdatamodel */;
			path = Optimist.xcdatamodeld;
			sourceTree = "<group>";
			versionGroupType = wrapper.xcdatamodel;
		};
/* End XCVersionGroup section */
	};
	rootObject = 161898A21A7CA1150084F2CE /* Project object */;
}
