// !$*UTF8*$!
{
	archiveVersion = 1;
	classes = {
	};
	objectVersion = 46;
	objects = {

/* Begin PBXBuildFile section */
		161898B01A7CA1150084F2CE /* AppDelegate.swift in Sources */ = {isa = PBXBuildFile; fileRef = 161898AF1A7CA1150084F2CE /* AppDelegate.swift */; };
		161898B31A7CA1150084F2CE /* Optimist.xcdatamodeld in Sources */ = {isa = PBXBuildFile; fileRef = 161898B11A7CA1150084F2CE /* Optimist.xcdatamodeld */; };
		161898B51A7CA1150084F2CE /* ViewController.swift in Sources */ = {isa = PBXBuildFile; fileRef = 161898B41A7CA1150084F2CE /* ViewController.swift */; };
		161898B81A7CA1150084F2CE /* Main.storyboard in Resources */ = {isa = PBXBuildFile; fileRef = 161898B61A7CA1150084F2CE /* Main.storyboard */; };
		161898BA1A7CA1150084F2CE /* Images.xcassets in Resources */ = {isa = PBXBuildFile; fileRef = 161898B91A7CA1150084F2CE /* Images.xcassets */; };
		161898BD1A7CA1150084F2CE /* LaunchScreen.xib in Resources */ = {isa = PBXBuildFile; fileRef = 161898BB1A7CA1150084F2CE /* LaunchScreen.xib */; };
		161898C91A7CA1150084F2CE /* OptimistTests.swift in Sources */ = {isa = PBXBuildFile; fileRef = 161898C81A7CA1150084F2CE /* OptimistTests.swift */; };
/* End PBXBuildFile section */

/* Begin PBXContainerItemProxy section */
		161898C31A7CA1150084F2CE /* PBXContainerItemProxy */ = {
			isa = PBXContainerItemProxy;
			containerPortal = 161898A21A7CA1150084F2CE /* Project object */;
			proxyType = 1;
			remoteGlobalIDString = 161898A91A7CA1150084F2CE;
			remoteInfo = Optimist;
		};
/* End PBXContainerItemProxy section */

/* Begin PBXFileReference section */
		161898AA1A7CA1150084F2CE /* Optimist.app */ = {isa = PBXFileReference; explicitFileType = wrapper.application; includeInIndex = 0; path = Optimist.app; sourceTree = BUILT_PRODUCTS_DIR; };
		161898AE1A7CA1150084F2CE /* Info.plist */ = {isa = PBXFileReference; lastKnownFileType = text.plist.xml; path = Info.plist; sourceTree = "<group>"; };
		161898AF1A7CA1150084F2CE /* AppDelegate.swift */ = {isa = PBXFileReference; lastKnownFileType = sourcecode.swift; path = AppDelegate.swift; sourceTree = "<group>"; };
		161898B21A7CA1150084F2CE /* Optimist.xcdatamodel */ = {isa = PBXFileReference; lastKnownFileType = wrapper.xcdatamodel; path = Optimist.xcdatamodel; sourceTree = "<group>"; };
		161898B41A7CA1150084F2CE /* ViewController.swift */ = {isa = PBXFileReference; lastKnownFileType = sourcecode.swift; path = ViewController.swift; sourceTree = "<group>"; };
		161898B71A7CA1150084F2CE /* Base */ = {isa = PBXFileReference; lastKnownFileType = file.storyboard; name = Base; path = Base.lproj/Main.storyboard; sourceTree = "<group>"; };
		161898B91A7CA1150084F2CE /* Images.xcassets */ = {isa = PBXFileReference; lastKnownFileType = folder.assetcatalog; path = Images.xcassets; sourceTree = "<group>"; };
		161898BC1A7CA1150084F2CE /* Base */ = {isa = PBXFileReference; lastKnownFileType = file.xib; name = Base; path = Base.lproj/LaunchScreen.xib; sourceTree = "<group>"; };
		161898C21A7CA1150084F2CE /* OptimistTests.xctest */ = {isa = PBXFileReference; explicitFileType = wrapper.cfbundle; includeInIndex = 0; path = OptimistTests.xctest; sourceTree = BUILT_PRODUCTS_DIR; };
		161898C71A7CA1150084F2CE /* Info.plist */ = {isa = PBXFileReference; lastKnownFileType = text.plist.xml; path = Info.plist; sourceTree = "<group>"; };
		161898C81A7CA1150084F2CE /* OptimistTests.swift */ = {isa = PBXFileReference; lastKnownFileType = sourcecode.swift; path = OptimistTests.swift; sourceTree = "<group>"; };
/* End PBXFileReference section */

/* Begin PBXFrameworksBuildPhase section */
		161898A71A7CA1150084F2CE /* Frameworks */ = {
			isa = PBXFrameworksBuildPhase;
			buildActionMask = 2147483647;
			files = (
			);
			runOnlyForDeploymentPostprocessing = 0;
		};
		161898BF1A7CA1150084F2CE /* Frameworks */ = {
			isa = PBXFrameworksBuildPhase;
			buildActionMask = 2147483647;
			files = (
			);
			runOnlyForDeploymentPostprocessing = 0;
		};
/* End PBXFrameworksBuildPhase section */

/* Begin PBXGroup section */
		161898A11A7CA1150084F2CE = {
			isa = PBXGroup;
			children = (
				161898AC1A7CA1150084F2CE /* Optimist */,
				161898C51A7CA1150084F2CE /* OptimistTests */,
				161898AB1A7CA1150084F2CE /* Products */,
			);
			sourceTree = "<group>";
		};
		161898AB1A7CA1150084F2CE /* Products */ = {
			isa = PBXGroup;
			children = (
				161898AA1A7CA1150084F2CE /* Optimist.app */,
				161898C21A7CA1150084F2CE /* OptimistTests.xctest */,
			);
			name = Products;
			sourceTree = "<group>";
		};
		161898AC1A7CA1150084F2CE /* Optimist */ = {
			isa = PBXGroup;
			children = (
				161898AF1A7CA1150084F2CE /* AppDelegate.swift */,
				161898B41A7CA1150084F2CE /* ViewController.swift */,
				161898B61A7CA1150084F2CE /* Main.storyboard */,
				161898B91A7CA1150084F2CE /* Images.xcassets */,
				161898BB1A7CA1150084F2CE /* LaunchScreen.xib */,
				161898B11A7CA1150084F2CE /* Optimist.xcdatamodeld */,
				161898AD1A7CA1150084F2CE /* Supporting Files */,
			);
			path = Optimist;
			sourceTree = "<group>";
		};
		161898AD1A7CA1150084F2CE /* Supporting Files */ = {
			isa = PBXGroup;
			children = (
				161898AE1A7CA1150084F2CE /* Info.plist */,
			);
			name = "Supporting Files";
			sourceTree = "<group>";
		};
		161898C51A7CA1150084F2CE /* OptimistTests */ = {
			isa = PBXGroup;
			children = (
				161898C81A7CA1150084F2CE /* OptimistTests.swift */,
				161898C61A7CA1150084F2CE /* Supporting Files */,
			);
			path = OptimistTests;
			sourceTree = "<group>";
		};
		161898C61A7CA1150084F2CE /* Supporting Files */ = {
			isa = PBXGroup;
			children = (
				161898C71A7CA1150084F2CE /* Info.plist */,
			);
			name = "Supporting Files";
			sourceTree = "<group>";
		};
/* End PBXGroup section */

/* Begin PBXNativeTarget section */
		161898A91A7CA1150084F2CE /* Optimist */ = {
			isa = PBXNativeTarget;
			buildConfigurationList = 161898CC1A7CA1150084F2CE /* Build configuration list for PBXNativeTarget "Optimist" */;
			buildPhases = (
				161898A61A7CA1150084F2CE /* Sources */,
				161898A71A7CA1150084F2CE /* Frameworks */,
				161898A81A7CA1150084F2CE /* Resources */,
			);
			buildRules = (
			);
			dependencies = (
			);
			name = Optimist;
			productName = Optimist;
			productReference = 161898AA1A7CA1150084F2CE /* Optimist.app */;
			productType = "com.apple.product-type.application";
		};
		161898C11A7CA1150084F2CE /* OptimistTests */ = {
			isa = PBXNativeTarget;
			buildConfigurationList = 161898CF1A7CA1150084F2CE /* Build configuration list for PBXNativeTarget "OptimistTests" */;
			buildPhases = (
				161898BE1A7CA1150084F2CE /* Sources */,
				161898BF1A7CA1150084F2CE /* Frameworks */,
				161898C01A7CA1150084F2CE /* Resources */,
			);
			buildRules = (
			);
			dependencies = (
				161898C41A7CA1150084F2CE /* PBXTargetDependency */,
			);
			name = OptimistTests;
			productName = OptimistTests;
			productReference = 161898C21A7CA1150084F2CE /* OptimistTests.xctest */;
			productType = "com.apple.product-type.bundle.unit-test";
		};
/* End PBXNativeTarget section */

/* Begin PBXProject section */
		161898A21A7CA1150084F2CE /* Project object */ = {
			isa = PBXProject;
			attributes = {
				LastUpgradeCheck = 0610;
				ORGANIZATIONNAME = MonsterCreate;
				TargetAttributes = {
					161898A91A7CA1150084F2CE = {
						CreatedOnToolsVersion = 6.1.1;
					};
					161898C11A7CA1150084F2CE = {
						CreatedOnToolsVersion = 6.1.1;
						TestTargetID = 161898A91A7CA1150084F2CE;
					};
				};
			};
			buildConfigurationList = 161898A51A7CA1150084F2CE /* Build configuration list for PBXProject "Optimist" */;
			compatibilityVersion = "Xcode 3.2";
			developmentRegion = English;
			hasScannedForEncodings = 0;
			knownRegions = (
				en,
				Base,
			);
			mainGroup = 161898A11A7CA1150084F2CE;
			productRefGroup = 161898AB1A7CA1150084F2CE /* Products */;
			projectDirPath = "";
			projectRoot = "";
			targets = (
				161898A91A7CA1150084F2CE /* Optimist */,
				161898C11A7CA1150084F2CE /* OptimistTests */,
			);
		};
/* End PBXProject section */

/* Begin PBXResourcesBuildPhase section */
		161898A81A7CA1150084F2CE /* Resources */ = {
			isa = PBXResourcesBuildPhase;
			buildActionMask = 2147483647;
			files = (
				161898B81A7CA1150084F2CE /* Main.storyboard in Resources */,
				161898BD1A7CA1150084F2CE /* LaunchScreen.xib in Resources */,
				161898BA1A7CA1150084F2CE /* Images.xcassets in Resources */,
			);
			runOnlyForDeploymentPostprocessing = 0;
		};
		161898C01A7CA1150084F2CE /* Resources */ = {
			isa = PBXResourcesBuildPhase;
			buildActionMask = 2147483647;
			files = (
			);
			runOnlyForDeploymentPostprocessing = 0;
		};
/* End PBXResourcesBuildPhase section */

/* Begin PBXSourcesBuildPhase section */
		161898A61A7CA1150084F2CE /* Sources */ = {
			isa = PBXSourcesBuildPhase;
			buildActionMask = 2147483647;
			files = (
				161898B51A7CA1150084F2CE /* ViewController.swift in Sources */,
				161898B31A7CA1150084F2CE /* Optimist.xcdatamodeld in Sources */,
				161898B01A7CA1150084F2CE /* AppDelegate.swift in Sources */,
			);
			runOnlyForDeploymentPostprocessing = 0;
		};
		161898BE1A7CA1150084F2CE /* Sources */ = {
			isa = PBXSourcesBuildPhase;
			buildActionMask = 2147483647;
			files = (
				161898C91A7CA1150084F2CE /* OptimistTests.swift in Sources */,
			);
			runOnlyForDeploymentPostprocessing = 0;
		};
/* End PBXSourcesBuildPhase section */

/* Begin PBXTargetDependency section */
		161898C41A7CA1150084F2CE /* PBXTargetDependency */ = {
			isa = PBXTargetDependency;
			target = 161898A91A7CA1150084F2CE /* Optimist */;
			targetProxy = 161898C31A7CA1150084F2CE /* PBXContainerItemProxy */;
		};
/* End PBXTargetDependency section */

/* Begin PBXVariantGroup section */
		161898B61A7CA1150084F2CE /* Main.storyboard */ = {
			isa = PBXVariantGroup;
			children = (
				161898B71A7CA1150084F2CE /* Base */,
			);
			name = Main.storyboard;
			sourceTree = "<group>";
		};
		161898BB1A7CA1150084F2CE /* LaunchScreen.xib */ = {
			isa = PBXVariantGroup;
			children = (
				161898BC1A7CA1150084F2CE /* Base */,
			);
			name = LaunchScreen.xib;
			sourceTree = "<group>";
		};
/* End PBXVariantGroup section */

/* Begin XCBuildConfiguration section */
		161898CA1A7CA1150084F2CE /* Debug */ = {
			isa = XCBuildConfiguration;
			buildSettings = {
				ALWAYS_SEARCH_USER_PATHS = NO;
				CLANG_CXX_LANGUAGE_STANDARD = "gnu++0x";
				CLANG_CXX_LIBRARY = "libc++";
				CLANG_ENABLE_MODULES = YES;
				CLANG_ENABLE_OBJC_ARC = YES;
				CLANG_WARN_BOOL_CONVERSION = YES;
				CLANG_WARN_CONSTANT_CONVERSION = YES;
				CLANG_WARN_DIRECT_OBJC_ISA_USAGE = YES_ERROR;
				CLANG_WARN_EMPTY_BODY = YES;
				CLANG_WARN_ENUM_CONVERSION = YES;
				CLANG_WARN_INT_CONVERSION = YES;
				CLANG_WARN_OBJC_ROOT_CLASS = YES_ERROR;
				CLANG_WARN_UNREACHABLE_CODE = YES;
				CLANG_WARN__DUPLICATE_METHOD_MATCH = YES;
				"CODE_SIGN_IDENTITY[sdk=iphoneos*]" = "iPhone Developer";
				COPY_PHASE_STRIP = NO;
				ENABLE_STRICT_OBJC_MSGSEND = YES;
				GCC_C_LANGUAGE_STANDARD = gnu99;
				GCC_DYNAMIC_NO_PIC = NO;
				GCC_OPTIMIZATION_LEVEL = 0;
				GCC_PREPROCESSOR_DEFINITIONS = (
					"DEBUG=1",
					"$(inherited)",
				);
				GCC_SYMBOLS_PRIVATE_EXTERN = NO;
				GCC_WARN_64_TO_32_BIT_CONVERSION = YES;
				GCC_WARN_ABOUT_RETURN_TYPE = YES_ERROR;
				GCC_WARN_UNDECLARED_SELECTOR = YES;
				GCC_WARN_UNINITIALIZED_AUTOS = YES_AGGRESSIVE;
				GCC_WARN_UNUSED_FUNCTION = YES;
				GCC_WARN_UNUSED_VARIABLE = YES;
				IPHONEOS_DEPLOYMENT_TARGET = 8.1;
				MTL_ENABLE_DEBUG_INFO = YES;
				ONLY_ACTIVE_ARCH = YES;
				SDKROOT = iphoneos;
				SWIFT_OPTIMIZATION_LEVEL = "-Onone";
			};
			name = Debug;
		};
		161898CB1A7CA1150084F2CE /* Release */ = {
			isa = XCBuildConfiguration;
			buildSettings = {
				ALWAYS_SEARCH_USER_PATHS = NO;
				CLANG_CXX_LANGUAGE_STANDARD = "gnu++0x";
				CLANG_CXX_LIBRARY = "libc++";
				CLANG_ENABLE_MODULES = YES;
				CLANG_ENABLE_OBJC_ARC = YES;
				CLANG_WARN_BOOL_CONVERSION = YES;
				CLANG_WARN_CONSTANT_CONVERSION = YES;
				CLANG_WARN_DIRECT_OBJC_ISA_USAGE = YES_ERROR;
				CLANG_WARN_EMPTY_BODY = YES;
				CLANG_WARN_ENUM_CONVERSION = YES;
				CLANG_WARN_INT_CONVERSION = YES;
				CLANG_WARN_OBJC_ROOT_CLASS = YES_ERROR;
				CLANG_WARN_UNREACHABLE_CODE = YES;
				CLANG_WARN__DUPLICATE_METHOD_MATCH = YES;
				"CODE_SIGN_IDENTITY[sdk=iphoneos*]" = "iPhone Developer";
				COPY_PHASE_STRIP = YES;
				ENABLE_NS_ASSERTIONS = NO;
				ENABLE_STRICT_OBJC_MSGSEND = YES;
				GCC_C_LANGUAGE_STANDARD = gnu99;
				GCC_WARN_64_TO_32_BIT_CONVERSION = YES;
				GCC_WARN_ABOUT_RETURN_TYPE = YES_ERROR;
				GCC_WARN_UNDECLARED_SELECTOR = YES;
				GCC_WARN_UNINITIALIZED_AUTOS = YES_AGGRESSIVE;
				GCC_WARN_UNUSED_FUNCTION = YES;
				GCC_WARN_UNUSED_VARIABLE = YES;
				IPHONEOS_DEPLOYMENT_TARGET = 8.1;
				MTL_ENABLE_DEBUG_INFO = NO;
				SDKROOT = iphoneos;
				VALIDATE_PRODUCT = YES;
			};
			name = Release;
		};
		161898CD1A7CA1150084F2CE /* Debug */ = {
			isa = XCBuildConfiguration;
			buildSettings = {
				ASSETCATALOG_COMPILER_APPICON_NAME = AppIcon;
				INFOPLIST_FILE = Optimist/Info.plist;
				LD_RUNPATH_SEARCH_PATHS = "$(inherited) @executable_path/Frameworks";
				PRODUCT_NAME = "$(TARGET_NAME)";
			};
			name = Debug;
		};
		161898CE1A7CA1150084F2CE /* Release */ = {
			isa = XCBuildConfiguration;
			buildSettings = {
				ASSETCATALOG_COMPILER_APPICON_NAME = AppIcon;
				INFOPLIST_FILE = Optimist/Info.plist;
				LD_RUNPATH_SEARCH_PATHS = "$(inherited) @executable_path/Frameworks";
				PRODUCT_NAME = "$(TARGET_NAME)";
			};
			name = Release;
		};
		161898D01A7CA1150084F2CE /* Debug */ = {
			isa = XCBuildConfiguration;
			buildSettings = {
				BUNDLE_LOADER = "$(TEST_HOST)";
				FRAMEWORK_SEARCH_PATHS = (
					"$(SDKROOT)/Developer/Library/Frameworks",
					"$(inherited)",
				);
				GCC_PREPROCESSOR_DEFINITIONS = (
					"DEBUG=1",
					"$(inherited)",
				);
				INFOPLIST_FILE = OptimistTests/Info.plist;
				LD_RUNPATH_SEARCH_PATHS = "$(inherited) @executable_path/Frameworks @loader_path/Frameworks";
				PRODUCT_NAME = "$(TARGET_NAME)";
				TEST_HOST = "$(BUILT_PRODUCTS_DIR)/Optimist.app/Optimist";
			};
			name = Debug;
		};
		161898D11A7CA1150084F2CE /* Release */ = {
			isa = XCBuildConfiguration;
			buildSettings = {
				BUNDLE_LOADER = "$(TEST_HOST)";
				FRAMEWORK_SEARCH_PATHS = (
					"$(SDKROOT)/Developer/Library/Frameworks",
					"$(inherited)",
				);
				INFOPLIST_FILE = OptimistTests/Info.plist;
				LD_RUNPATH_SEARCH_PATHS = "$(inherited) @executable_path/Frameworks @loader_path/Frameworks";
				PRODUCT_NAME = "$(TARGET_NAME)";
				TEST_HOST = "$(BUILT_PRODUCTS_DIR)/Optimist.app/Optimist";
			};
			name = Release;
		};
/* End XCBuildConfiguration section */

/* Begin XCConfigurationList section */
		161898A51A7CA1150084F2CE /* Build configuration list for PBXProject "Optimist" */ = {
			isa = XCConfigurationList;
			buildConfigurations = (
				161898CA1A7CA1150084F2CE /* Debug */,
				161898CB1A7CA1150084F2CE /* Release */,
			);
			defaultConfigurationIsVisible = 0;
			defaultConfigurationName = Release;
		};
		161898CC1A7CA1150084F2CE /* Build configuration list for PBXNativeTarget "Optimist" */ = {
			isa = XCConfigurationList;
			buildConfigurations = (
				161898CD1A7CA1150084F2CE /* Debug */,
				161898CE1A7CA1150084F2CE /* Release */,
			);
			defaultConfigurationIsVisible = 0;
		};
		161898CF1A7CA1150084F2CE /* Build configuration list for PBXNativeTarget "OptimistTests" */ = {
			isa = XCConfigurationList;
			buildConfigurations = (
				161898D01A7CA1150084F2CE /* Debug */,
				161898D11A7CA1150084F2CE /* Release */,
			);
			defaultConfigurationIsVisible = 0;
		};
/* End XCConfigurationList section */

/* Begin XCVersionGroup section */
		161898B11A7CA1150084F2CE /* Optimist.xcdatamodeld */ = {
			isa = XCVersionGroup;
			children = (
				161898B21A7CA1150084F2CE /* Optimist.xcdatamodel */,
			);
			currentVersion = 161898B21A7CA1150084F2CE /* Optimist.xcdatamodel */;
			path = Optimist.xcdatamodeld;
			sourceTree = "<group>";
			versionGroupType = wrapper.xcdatamodel;
		};
/* End XCVersionGroup section */
	};
	rootObject = 161898A21A7CA1150084F2CE /* Project object */;
}
